
Microsoft Visual Studio Solution File, Format Version 12.00
# Visual Studio 15
VisualStudioVersion = 15.0.28307.271
MinimumVisualStudioVersion = 10.0.40219.1
Project("{8BC9CEB8-8B4A-11D0-8D11-00A0C91BC942}") = "GalaxyProject", "GalaxyProject\GalaxyProject.vcxproj", "{51CCA43E-B346-44F6-A5ED-D3B371ED7F73}"
EndProject
Global
	GlobalSection(SolutionConfigurationPlatforms) = preSolution
		Debug|x64 = Debug|x64
		Release|x64 = Release|x64
	EndGlobalSection
	GlobalSection(ProjectConfigurationPlatforms) = postSolution
		{51CCA43E-B346-44F6-A5ED-D3B371ED7F73}.Debug|x64.ActiveCfg = Debug|x64
		{51CCA43E-B346-44F6-A5ED-D3B371ED7F73}.Debug|x64.Build.0 = Debug|x64
		{51CCA43E-B346-44F6-A5ED-D3B371ED7F73}.Release|x64.ActiveCfg = Release|x64
		{51CCA43E-B346-44F6-A5ED-D3B371ED7F73}.Release|x64.Build.0 = Release|x64
	EndGlobalSection
	GlobalSection(SolutionProperties) = preSolution
		HideSolutionNode = FALSE
	EndGlobalSection
	GlobalSection(ExtensibilityGlobals) = postSolution
		SolutionGuid = {FCBBCFBC-4910-43E3-B0B8-68FB5764F567}
	EndGlobalSection
EndGlobal
